
Microsoft Visual Studio Solution File, Format Version 12.00
# Visual Studio Version 16
VisualStudioVersion = 16.0.31025.194
MinimumVisualStudioVersion = 10.0.40219.1
Project("{FAE04EC0-301F-11D3-BF4B-00C04F79EFBC}") = "ElasticSearchDemo", "ElasticSearchDemo\ElasticSearchDemo.csproj", "{396C20AE-FAB7-4266-AC3B-7E2662EBF330}"
EndProject
Global
	GlobalSection(SolutionConfigurationPlatforms) = preSolution
		Debug|Any CPU = Debug|Any CPU
		Release|Any CPU = Release|Any CPU
	EndGlobalSection
	GlobalSection(ProjectConfigurationPlatforms) = postSolution
		{396C20AE-FAB7-4266-AC3B-7E2662EBF330}.Debug|Any CPU.ActiveCfg = Debug|Any CPU
		{396C20AE-FAB7-4266-AC3B-7E2662EBF330}.Debug|Any CPU.Build.0 = Debug|Any CPU
		{396C20AE-FAB7-4266-AC3B-7E2662EBF330}.Release|Any CPU.ActiveCfg = Release|Any CPU
		{396C20AE-FAB7-4266-AC3B-7E2662EBF330}.Release|Any CPU.Build.0 = Release|Any CPU
	EndGlobalSection
	GlobalSection(SolutionProperties) = preSolution
		HideSolutionNode = FALSE
	EndGlobalSection
	GlobalSection(ExtensibilityGlobals) = postSolution
		SolutionGuid = {39CB1366-E7D7-4453-A0E5-43B6326435AD}
	EndGlobalSection
EndGlobal
